
Microsoft Visual Studio Solution File, Format Version 12.00
# Visual Studio Version 16
VisualStudioVersion = 16.0.32802.440
MinimumVisualStudioVersion = 10.0.40219.1
Project("{FAE04EC0-301F-11D3-BF4B-00C04F79EFBC}") = "PropertyManagement", "PropertyManagement\PropertyManagement.csproj", "{F2707B9D-EDBF-40DB-AAE9-CC1629099E36}"
EndProject
Project("{FAE04EC0-301F-11D3-BF4B-00C04F79EFBC}") = "Resources", "Resources\Resources.csproj", "{3D06A660-57E7-40B4-930E-B7236CDC1919}"
EndProject
Global
	GlobalSection(SolutionConfigurationPlatforms) = preSolution
		Debug|Any CPU = Debug|Any CPU
		Release|Any CPU = Release|Any CPU
	EndGlobalSection
	GlobalSection(ProjectConfigurationPlatforms) = postSolution
		{F2707B9D-EDBF-40DB-AAE9-CC1629099E36}.Debug|Any CPU.ActiveCfg = Debug|Any CPU
		{F2707B9D-EDBF-40DB-AAE9-CC1629099E36}.Debug|Any CPU.Build.0 = Debug|Any CPU
		{F2707B9D-EDBF-40DB-AAE9-CC1629099E36}.Release|Any CPU.ActiveCfg = Release|Any CPU
		{F2707B9D-EDBF-40DB-AAE9-CC1629099E36}.Release|Any CPU.Build.0 = Release|Any CPU
		{3D06A660-57E7-40B4-930E-B7236CDC1919}.Debug|Any CPU.ActiveCfg = Debug|Any CPU
		{3D06A660-57E7-40B4-930E-B7236CDC1919}.Debug|Any CPU.Build.0 = Debug|Any CPU
		{3D06A660-57E7-40B4-930E-B7236CDC1919}.Release|Any CPU.ActiveCfg = Release|Any CPU
		{3D06A660-57E7-40B4-930E-B7236CDC1919}.Release|Any CPU.Build.0 = Release|Any CPU
	EndGlobalSection
	GlobalSection(SolutionProperties) = preSolution
		HideSolutionNode = FALSE
	EndGlobalSection
	GlobalSection(ExtensibilityGlobals) = postSolution
		SolutionGuid = {EB07AF47-473D-45D8-AB66-64D403BFDE83}
	EndGlobalSection
EndGlobal
